PODS:
  - mokoMvvmFlowSwiftUI (0.16.1)
  - shared (1.0)

DEPENDENCIES:
  - mokoMvvmFlowSwiftUI (from `https://raw.githubusercontent.com/icerockdev/moko-mvvm/release/0.16.1/mokoMvvmFlowSwiftUI.podspec`)
  - shared (from `../shared`)

EXTERNAL SOURCES:
  mokoMvvmFlowSwiftUI:
    :podspec: https://raw.githubusercontent.com/icerockdev/moko-mvvm/release/0.16.1/mokoMvvmFlowSwiftUI.podspec
  shared:
    :path: "../shared"

SPEC CHECKSUMS:
  mokoMvvmFlowSwiftUI: e2ecbc38ea996fc376bf297041aeaad06ac44c89
  shared: c133c49697085ba65e4031b78e671fc97617a40d

PODFILE CHECKSUM: c766fb0749a764303bcda7cd3a68be88eb023a2b

COCOAPODS: 1.15.2
